
Microsoft Visual Studio Solution File, Format Version 12.00
# Visual Studio Version 16
VisualStudioVersion = 16.0.29613.14
MinimumVisualStudioVersion = 10.0.40219.1
Project("{FAE04EC0-301F-11D3-BF4B-00C04F79EFBC}") = "Carkit.Data", "Carkit.Data\Carkit.Data.csproj", "{F094D416-7FBA-42BA-B75E-FA541813549A}"
EndProject
Project("{FAE04EC0-301F-11D3-BF4B-00C04F79EFBC}") = "Carkit.Services", "Carkit.Services\Carkit.Services.csproj", "{5AD767D0-FED4-452B-AB12-FE1E51CFA702}"
EndProject
Project("{FAE04EC0-301F-11D3-BF4B-00C04F79EFBC}") = "Carkit.Web", "Carkit.Web\Carkit.Web.csproj", "{573F6EED-A047-4919-BCE8-5CB3A9853989}"
EndProject
Global
	GlobalSection(SolutionConfigurationPlatforms) = preSolution
		Debug|Any CPU = Debug|Any CPU
		Release|Any CPU = Release|Any CPU
	EndGlobalSection
	GlobalSection(ProjectConfigurationPlatforms) = postSolution
		{F094D416-7FBA-42BA-B75E-FA541813549A}.Debug|Any CPU.ActiveCfg = Debug|Any CPU
		{F094D416-7FBA-42BA-B75E-FA541813549A}.Debug|Any CPU.Build.0 = Debug|Any CPU
		{F094D416-7FBA-42BA-B75E-FA541813549A}.Release|Any CPU.ActiveCfg = Release|Any CPU
		{F094D416-7FBA-42BA-B75E-FA541813549A}.Release|Any CPU.Build.0 = Release|Any CPU
		{5AD767D0-FED4-452B-AB12-FE1E51CFA702}.Debug|Any CPU.ActiveCfg = Debug|Any CPU
		{5AD767D0-FED4-452B-AB12-FE1E51CFA702}.Debug|Any CPU.Build.0 = Debug|Any CPU
		{5AD767D0-FED4-452B-AB12-FE1E51CFA702}.Release|Any CPU.ActiveCfg = Release|Any CPU
		{5AD767D0-FED4-452B-AB12-FE1E51CFA702}.Release|Any CPU.Build.0 = Release|Any CPU
		{573F6EED-A047-4919-BCE8-5CB3A9853989}.Debug|Any CPU.ActiveCfg = Debug|Any CPU
		{573F6EED-A047-4919-BCE8-5CB3A9853989}.Debug|Any CPU.Build.0 = Debug|Any CPU
		{573F6EED-A047-4919-BCE8-5CB3A9853989}.Release|Any CPU.ActiveCfg = Release|Any CPU
		{573F6EED-A047-4919-BCE8-5CB3A9853989}.Release|Any CPU.Build.0 = Release|Any CPU
	EndGlobalSection
	GlobalSection(SolutionProperties) = preSolution
		HideSolutionNode = FALSE
	EndGlobalSection
	GlobalSection(ExtensibilityGlobals) = postSolution
		SolutionGuid = {F21DCC08-B6B5-4010-87B8-9DBF2A2403DB}
	EndGlobalSection
EndGlobal
